
Microsoft Visual Studio Solution File, Format Version 11.00
# Visual Studio 2010
Project("{FAE04EC0-301F-11D3-BF4B-00C04F79EFBC}") = "AdminPage", "ToeflProject\AdminPage.csproj", "{3DF6AD03-513C-43CD-B3A6-9BF31F6E128F}"
EndProject
Project("{FAE04EC0-301F-11D3-BF4B-00C04F79EFBC}") = "DAL", "DAL\DAL.csproj", "{FE76D487-FDC5-4822-B49A-5ABF9B879772}"
EndProject
Project("{FAE04EC0-301F-11D3-BF4B-00C04F79EFBC}") = "BLL", "BLL\BLL.csproj", "{A3DDEE99-C72E-43F7-B313-D7BEC2676CBD}"
EndProject
Global
	GlobalSection(SolutionConfigurationPlatforms) = preSolution
		Debug|Any CPU = Debug|Any CPU
		Debug|Mixed Platforms = Debug|Mixed Platforms
		Debug|x86 = Debug|x86
		Release|Any CPU = Release|Any CPU
		Release|Mixed Platforms = Release|Mixed Platforms
		Release|x86 = Release|x86
	EndGlobalSection
	GlobalSection(ProjectConfigurationPlatforms) = postSolution
		{3DF6AD03-513C-43CD-B3A6-9BF31F6E128F}.Debug|Any CPU.ActiveCfg = Debug|x86
		{3DF6AD03-513C-43CD-B3A6-9BF31F6E128F}.Debug|Mixed Platforms.ActiveCfg = Debug|x86
		{3DF6AD03-513C-43CD-B3A6-9BF31F6E128F}.Debug|Mixed Platforms.Build.0 = Debug|x86
		{3DF6AD03-513C-43CD-B3A6-9BF31F6E128F}.Debug|x86.ActiveCfg = Debug|x86
		{3DF6AD03-513C-43CD-B3A6-9BF31F6E128F}.Debug|x86.Build.0 = Debug|x86
		{3DF6AD03-513C-43CD-B3A6-9BF31F6E128F}.Release|Any CPU.ActiveCfg = Release|x86
		{3DF6AD03-513C-43CD-B3A6-9BF31F6E128F}.Release|Mixed Platforms.ActiveCfg = Release|x86
		{3DF6AD03-513C-43CD-B3A6-9BF31F6E128F}.Release|Mixed Platforms.Build.0 = Release|x86
		{3DF6AD03-513C-43CD-B3A6-9BF31F6E128F}.Release|x86.ActiveCfg = Release|x86
		{3DF6AD03-513C-43CD-B3A6-9BF31F6E128F}.Release|x86.Build.0 = Release|x86
		{FE76D487-FDC5-4822-B49A-5ABF9B879772}.Debug|Any CPU.ActiveCfg = Debug|Any CPU
		{FE76D487-FDC5-4822-B49A-5ABF9B879772}.Debug|Any CPU.Build.0 = Debug|Any CPU
		{FE76D487-FDC5-4822-B49A-5ABF9B879772}.Debug|Mixed Platforms.ActiveCfg = Debug|Any CPU
		{FE76D487-FDC5-4822-B49A-5ABF9B879772}.Debug|Mixed Platforms.Build.0 = Debug|Any CPU
		{FE76D487-FDC5-4822-B49A-5ABF9B879772}.Debug|x86.ActiveCfg = Debug|Any CPU
		{FE76D487-FDC5-4822-B49A-5ABF9B879772}.Release|Any CPU.ActiveCfg = Release|Any CPU
		{FE76D487-FDC5-4822-B49A-5ABF9B879772}.Release|Any CPU.Build.0 = Release|Any CPU
		{FE76D487-FDC5-4822-B49A-5ABF9B879772}.Release|Mixed Platforms.ActiveCfg = Release|Any CPU
		{FE76D487-FDC5-4822-B49A-5ABF9B879772}.Release|Mixed Platforms.Build.0 = Release|Any CPU
		{FE76D487-FDC5-4822-B49A-5ABF9B879772}.Release|x86.ActiveCfg = Release|Any CPU
		{A3DDEE99-C72E-43F7-B313-D7BEC2676CBD}.Debug|Any CPU.ActiveCfg = Debug|Any CPU
		{A3DDEE99-C72E-43F7-B313-D7BEC2676CBD}.Debug|Any CPU.Build.0 = Debug|Any CPU
		{A3DDEE99-C72E-43F7-B313-D7BEC2676CBD}.Debug|Mixed Platforms.ActiveCfg = Debug|Any CPU
		{A3DDEE99-C72E-43F7-B313-D7BEC2676CBD}.Debug|Mixed Platforms.Build.0 = Debug|Any CPU
		{A3DDEE99-C72E-43F7-B313-D7BEC2676CBD}.Debug|x86.ActiveCfg = Debug|Any CPU
		{A3DDEE99-C72E-43F7-B313-D7BEC2676CBD}.Release|Any CPU.ActiveCfg = Release|Any CPU
		{A3DDEE99-C72E-43F7-B313-D7BEC2676CBD}.Release|Any CPU.Build.0 = Release|Any CPU
		{A3DDEE99-C72E-43F7-B313-D7BEC2676CBD}.Release|Mixed Platforms.ActiveCfg = Release|Any CPU
		{A3DDEE99-C72E-43F7-B313-D7BEC2676CBD}.Release|Mixed Platforms.Build.0 = Release|Any CPU
		{A3DDEE99-C72E-43F7-B313-D7BEC2676CBD}.Release|x86.ActiveCfg = Release|Any CPU
	EndGlobalSection
	GlobalSection(SolutionProperties) = preSolution
		HideSolutionNode = FALSE
	EndGlobalSection
EndGlobal
